{
  "name": "node-cli",
  "version": "1.0.0",
  "lockfileVersion": 1,
  "requires": true,
  "dependencies": {
    "exit-hook": {
      "version": "3.0.0",
      "resolved": "https://registry.npmjs.org/exit-hook/-/exit-hook-3.0.0.tgz",
      "integrity": "sha512-ElRvnoj3dvOc5WjnQx0CF66rS0xehV6eZdcmqZX17uOLPy3me43frl8UD73Frkx5Aq5kgziMDECjDJR2X1oBFQ=="
    }
  }
}
